// !$*UTF8*$!
{
	archiveVersion = 1;
	classes = {
	};
	objectVersion = 56;
	objects = {

/* Begin PBXBuildFile section */
		AB4B38FC2A2EFD54001390EA /* EnhancedMediaPlayer.framework in Frameworks */ = {isa = PBXBuildFile; fileRef = AB4B38F12A2EFD53001390EA /* EnhancedMediaPlayer.framework */; };
		AB4B391E2A2F02DB001390EA /* EnhancedMediaPlayer.framework in Frameworks */ = {isa = PBXBuildFile; fileRef = AB4B38F12A2EFD53001390EA /* EnhancedMediaPlayer.framework */; };
		AB4B391F2A2F02DB001390EA /* EnhancedMediaPlayer.framework in Embed Frameworks */ = {isa = PBXBuildFile; fileRef = AB4B38F12A2EFD53001390EA /* EnhancedMediaPlayer.framework */; settings = {ATTRIBUTES = (CodeSignOnCopy, RemoveHeadersOnCopy, ); }; };
		E80D8F352A4E0BAB00F39D54 /* EnhancedMediaPlayer.docc in Sources */ = {isa = PBXBuildFile; fileRef = E80D8F2C2A4E0BAB00F39D54 /* EnhancedMediaPlayer.docc */; };
		E80D8F362A4E0BAB00F39D54 /* MediaPlayerView.swift in Sources */ = {isa = PBXBuildFile; fileRef = E80D8F2D2A4E0BAB00F39D54 /* MediaPlayerView.swift */; };
		E80D8F372A4E0BAB00F39D54 /* View+readFrame.swift in Sources */ = {isa = PBXBuildFile; fileRef = E80D8F2F2A4E0BAB00F39D54 /* View+readFrame.swift */; };
		E80D8F382A4E0BAB00F39D54 /* View+wrapInButton.swift in Sources */ = {isa = PBXBuildFile; fileRef = E80D8F302A4E0BAB00F39D54 /* View+wrapInButton.swift */; };
		E80D8F392A4E0BAB00F39D54 /* AVPlayerView.swift in Sources */ = {isa = PBXBuildFile; fileRef = E80D8F312A4E0BAB00F39D54 /* AVPlayerView.swift */; };
		E80D8F3A2A4E0BAB00F39D54 /* MediaPlayerViewController.swift in Sources */ = {isa = PBXBuildFile; fileRef = E80D8F322A4E0BAB00F39D54 /* MediaPlayerViewController.swift */; };
		E80D8F3C2A4E0BAB00F39D54 /* MediaPlayer.swift in Sources */ = {isa = PBXBuildFile; fileRef = E80D8F342A4E0BAB00F39D54 /* MediaPlayer.swift */; };
		E886E6BC2A4F60B60034A943 /* ContentView.swift in Sources */ = {isa = PBXBuildFile; fileRef = E886E6BB2A4F60B60034A943 /* ContentView.swift */; };
		E886E6C02A4F62050034A943 /* Assets.xcassets in Resources */ = {isa = PBXBuildFile; fileRef = E886E6BF2A4F62050034A943 /* Assets.xcassets */; };
		E886E6C42A4F62130034A943 /* Preview Assets.xcassets in Resources */ = {isa = PBXBuildFile; fileRef = E886E6C22A4F62120034A943 /* Preview Assets.xcassets */; };
		E886E6C52A4F62130034A943 /* EnhancedMediaPlayerSampleApp.swift in Sources */ = {isa = PBXBuildFile; fileRef = E886E6C32A4F62120034A943 /* EnhancedMediaPlayerSampleApp.swift */; };
		E886E6C62A4F62440034A943 /* EnhancedMediaPlayerTests.swift in Sources */ = {isa = PBXBuildFile; fileRef = E886E6BD2A4F61EC0034A943 /* EnhancedMediaPlayerTests.swift */; };
		E8FF428A2A4F5D66003AD6B0 /* SettingsMenu.swift in Sources */ = {isa = PBXBuildFile; fileRef = E8FF42862A4F5D66003AD6B0 /* SettingsMenu.swift */; };
		E8FF428B2A4F5D66003AD6B0 /* SettingsPreference.swift in Sources */ = {isa = PBXBuildFile; fileRef = E8FF42872A4F5D66003AD6B0 /* SettingsPreference.swift */; };
		E8FF428C2A4F5D66003AD6B0 /* MediaPlayerControlsView.swift in Sources */ = {isa = PBXBuildFile; fileRef = E8FF42882A4F5D66003AD6B0 /* MediaPlayerControlsView.swift */; };
		E8FF428D2A4F5D67003AD6B0 /* MediaPlayerTappableView.swift in Sources */ = {isa = PBXBuildFile; fileRef = E8FF42892A4F5D66003AD6B0 /* MediaPlayerTappableView.swift */; };
/* End PBXBuildFile section */

/* Begin PBXContainerItemProxy section */
		AB4B38FD2A2EFD54001390EA /* PBXContainerItemProxy */ = {
			isa = PBXContainerItemProxy;
			containerPortal = AB4B38E82A2EFD53001390EA /* Project object */;
			proxyType = 1;
			remoteGlobalIDString = AB4B38F02A2EFD53001390EA;
			remoteInfo = EnhancedMediaPlayer;
		};
		AB4B39202A2F02DB001390EA /* PBXContainerItemProxy */ = {
			isa = PBXContainerItemProxy;
			containerPortal = AB4B38E82A2EFD53001390EA /* Project object */;
			proxyType = 1;
			remoteGlobalIDString = AB4B38F02A2EFD53001390EA;
			remoteInfo = EnhancedMediaPlayer;
		};
/* End PBXContainerItemProxy section */

/* Begin PBXCopyFilesBuildPhase section */
		AB4B39222A2F02DB001390EA /* Embed Frameworks */ = {
			isa = PBXCopyFilesBuildPhase;
			buildActionMask = 2147483647;
			dstPath = "";
			dstSubfolderSpec = 10;
			files = (
				AB4B391F2A2F02DB001390EA /* EnhancedMediaPlayer.framework in Embed Frameworks */,
			);
			name = "Embed Frameworks";
			runOnlyForDeploymentPostprocessing = 0;
		};
/* End PBXCopyFilesBuildPhase section */

/* Begin PBXFileReference section */
		AB4B38F12A2EFD53001390EA /* EnhancedMediaPlayer.framework */ = {isa = PBXFileReference; explicitFileType = wrapper.framework; includeInIndex = 0; path = EnhancedMediaPlayer.framework; sourceTree = BUILT_PRODUCTS_DIR; };
		AB4B38FB2A2EFD54001390EA /* EnhancedMediaPlayerTests.xctest */ = {isa = PBXFileReference; explicitFileType = wrapper.cfbundle; includeInIndex = 0; path = EnhancedMediaPlayerTests.xctest; sourceTree = BUILT_PRODUCTS_DIR; };
		AB4B390F2A2EFD76001390EA /* EnhancedMediaPlayerSample.app */ = {isa = PBXFileReference; explicitFileType = wrapper.application; includeInIndex = 0; path = EnhancedMediaPlayerSample.app; sourceTree = BUILT_PRODUCTS_DIR; };
		E80D8F2C2A4E0BAB00F39D54 /* EnhancedMediaPlayer.docc */ = {isa = PBXFileReference; lastKnownFileType = folder.documentationcatalog; path = EnhancedMediaPlayer.docc; sourceTree = "<group>"; };
		E80D8F2D2A4E0BAB00F39D54 /* MediaPlayerView.swift */ = {isa = PBXFileReference; fileEncoding = 4; lastKnownFileType = sourcecode.swift; path = MediaPlayerView.swift; sourceTree = "<group>"; };
		E80D8F2F2A4E0BAB00F39D54 /* View+readFrame.swift */ = {isa = PBXFileReference; fileEncoding = 4; lastKnownFileType = sourcecode.swift; path = "View+readFrame.swift"; sourceTree = "<group>"; };
		E80D8F302A4E0BAB00F39D54 /* View+wrapInButton.swift */ = {isa = PBXFileReference; fileEncoding = 4; lastKnownFileType = sourcecode.swift; path = "View+wrapInButton.swift"; sourceTree = "<group>"; };
		E80D8F312A4E0BAB00F39D54 /* AVPlayerView.swift */ = {isa = PBXFileReference; fileEncoding = 4; lastKnownFileType = sourcecode.swift; path = AVPlayerView.swift; sourceTree = "<group>"; };
		E80D8F322A4E0BAB00F39D54 /* MediaPlayerViewController.swift */ = {isa = PBXFileReference; fileEncoding = 4; lastKnownFileType = sourcecode.swift; path = MediaPlayerViewController.swift; sourceTree = "<group>"; };
		E80D8F332A4E0BAB00F39D54 /* Info.plist */ = {isa = PBXFileReference; fileEncoding = 4; lastKnownFileType = text.plist.xml; path = Info.plist; sourceTree = "<group>"; };
		E80D8F342A4E0BAB00F39D54 /* MediaPlayer.swift */ = {isa = PBXFileReference; fileEncoding = 4; lastKnownFileType = sourcecode.swift; path = MediaPlayer.swift; sourceTree = "<group>"; };
		E82C10412A5447060090F94C /* LICENSE.md */ = {isa = PBXFileReference; lastKnownFileType = net.daringfireball.markdown; path = LICENSE.md; sourceTree = "<group>"; };
		E886E6BB2A4F60B60034A943 /* ContentView.swift */ = {isa = PBXFileReference; fileEncoding = 4; lastKnownFileType = sourcecode.swift; path = ContentView.swift; sourceTree = "<group>"; };
		E886E6BD2A4F61EC0034A943 /* EnhancedMediaPlayerTests.swift */ = {isa = PBXFileReference; fileEncoding = 4; lastKnownFileType = sourcecode.swift; name = EnhancedMediaPlayerTests.swift; path = EnhancedMediaPlayerTests/EnhancedMediaPlayerTests.swift; sourceTree = SOURCE_ROOT; };
		E886E6BF2A4F62050034A943 /* Assets.xcassets */ = {isa = PBXFileReference; lastKnownFileType = folder.assetcatalog; path = Assets.xcassets; sourceTree = "<group>"; };
		E886E6C22A4F62120034A943 /* Preview Assets.xcassets */ = {isa = PBXFileReference; lastKnownFileType = folder.assetcatalog; path = "Preview Assets.xcassets"; sourceTree = "<group>"; };
		E886E6C32A4F62120034A943 /* EnhancedMediaPlayerSampleApp.swift */ = {isa = PBXFileReference; fileEncoding = 4; lastKnownFileType = sourcecode.swift; path = EnhancedMediaPlayerSampleApp.swift; sourceTree = "<group>"; };
		E8FD31182A4F636C0086C7B8 /* Package.swift */ = {isa = PBXFileReference; lastKnownFileType = sourcecode.swift; path = Package.swift; sourceTree = "<group>"; };
		E8FF42862A4F5D66003AD6B0 /* SettingsMenu.swift */ = {isa = PBXFileReference; fileEncoding = 4; lastKnownFileType = sourcecode.swift; path = SettingsMenu.swift; sourceTree = "<group>"; };
		E8FF42872A4F5D66003AD6B0 /* SettingsPreference.swift */ = {isa = PBXFileReference; fileEncoding = 4; lastKnownFileType = sourcecode.swift; path = SettingsPreference.swift; sourceTree = "<group>"; };
		E8FF42882A4F5D66003AD6B0 /* MediaPlayerControlsView.swift */ = {isa = PBXFileReference; fileEncoding = 4; lastKnownFileType = sourcecode.swift; path = MediaPlayerControlsView.swift; sourceTree = "<group>"; };
		E8FF42892A4F5D66003AD6B0 /* MediaPlayerTappableView.swift */ = {isa = PBXFileReference; fileEncoding = 4; lastKnownFileType = sourcecode.swift; path = MediaPlayerTappableView.swift; sourceTree = "<group>"; };
/* End PBXFileReference section */

/* Begin PBXFrameworksBuildPhase section */
		AB4B38EE2A2EFD53001390EA /* Frameworks */ = {
			isa = PBXFrameworksBuildPhase;
			buildActionMask = 2147483647;
			files = (
			);
			runOnlyForDeploymentPostprocessing = 0;
		};
		AB4B38F82A2EFD54001390EA /* Frameworks */ = {
			isa = PBXFrameworksBuildPhase;
			buildActionMask = 2147483647;
			files = (
				AB4B38FC2A2EFD54001390EA /* EnhancedMediaPlayer.framework in Frameworks */,
			);
			runOnlyForDeploymentPostprocessing = 0;
		};
		AB4B390C2A2EFD76001390EA /* Frameworks */ = {
			isa = PBXFrameworksBuildPhase;
			buildActionMask = 2147483647;
			files = (
				AB4B391E2A2F02DB001390EA /* EnhancedMediaPlayer.framework in Frameworks */,
			);
			runOnlyForDeploymentPostprocessing = 0;
		};
/* End PBXFrameworksBuildPhase section */

/* Begin PBXGroup section */
		AB4B38E72A2EFD53001390EA = {
			isa = PBXGroup;
			children = (
				E82C10412A5447060090F94C /* LICENSE.md */,
				E8FD31182A4F636C0086C7B8 /* Package.swift */,
				E886E6BA2A4F60B60034A943 /* EnhancedMediaPlayerSample */,
				E80D8F152A4E04E600F39D54 /* Sources */,
				E80D8F132A4E04CB00F39D54 /* Tests */,
				AB4B38F22A2EFD53001390EA /* Products */,
				AB4B391D2A2F02DB001390EA /* Frameworks */,
			);
			sourceTree = "<group>";
		};
		AB4B38F22A2EFD53001390EA /* Products */ = {
			isa = PBXGroup;
			children = (
				AB4B38F12A2EFD53001390EA /* EnhancedMediaPlayer.framework */,
				AB4B38FB2A2EFD54001390EA /* EnhancedMediaPlayerTests.xctest */,
				AB4B390F2A2EFD76001390EA /* EnhancedMediaPlayerSample.app */,
			);
			name = Products;
			sourceTree = "<group>";
		};
		AB4B391D2A2F02DB001390EA /* Frameworks */ = {
			isa = PBXGroup;
			children = (
			);
			name = Frameworks;
			sourceTree = "<group>";
		};
		E80D8F132A4E04CB00F39D54 /* Tests */ = {
			isa = PBXGroup;
			children = (
				E80D8F142A4E04CB00F39D54 /* EnhancedMediaPlayerTests */,
			);
			path = Tests;
			sourceTree = "<group>";
		};
		E80D8F142A4E04CB00F39D54 /* EnhancedMediaPlayerTests */ = {
			isa = PBXGroup;
			children = (
				E886E6BD2A4F61EC0034A943 /* EnhancedMediaPlayerTests.swift */,
			);
			path = EnhancedMediaPlayerTests;
			sourceTree = "<group>";
		};
		E80D8F152A4E04E600F39D54 /* Sources */ = {
			isa = PBXGroup;
			children = (
				E80D8F2B2A4E0BAB00F39D54 /* EnhancedMediaPlayer */,
			);
			path = Sources;
			sourceTree = "<group>";
		};
		E80D8F2B2A4E0BAB00F39D54 /* EnhancedMediaPlayer */ = {
			isa = PBXGroup;
			children = (
				E8FF42882A4F5D66003AD6B0 /* MediaPlayerControlsView.swift */,
				E8FF42892A4F5D66003AD6B0 /* MediaPlayerTappableView.swift */,
				E8FF42862A4F5D66003AD6B0 /* SettingsMenu.swift */,
				E8FF42872A4F5D66003AD6B0 /* SettingsPreference.swift */,
				E80D8F2C2A4E0BAB00F39D54 /* EnhancedMediaPlayer.docc */,
				E80D8F2D2A4E0BAB00F39D54 /* MediaPlayerView.swift */,
				E80D8F2E2A4E0BAB00F39D54 /* Extensions */,
				E80D8F312A4E0BAB00F39D54 /* AVPlayerView.swift */,
				E80D8F322A4E0BAB00F39D54 /* MediaPlayerViewController.swift */,
				E80D8F332A4E0BAB00F39D54 /* Info.plist */,
				E80D8F342A4E0BAB00F39D54 /* MediaPlayer.swift */,
			);
			path = EnhancedMediaPlayer;
			sourceTree = "<group>";
		};
		E80D8F2E2A4E0BAB00F39D54 /* Extensions */ = {
			isa = PBXGroup;
			children = (
				E80D8F2F2A4E0BAB00F39D54 /* View+readFrame.swift */,
				E80D8F302A4E0BAB00F39D54 /* View+wrapInButton.swift */,
			);
			path = Extensions;
			sourceTree = "<group>";
		};
		E886E6BA2A4F60B60034A943 /* EnhancedMediaPlayerSample */ = {
			isa = PBXGroup;
			children = (
				E886E6C32A4F62120034A943 /* EnhancedMediaPlayerSampleApp.swift */,
				E886E6C12A4F62120034A943 /* Preview Content */,
				E886E6BF2A4F62050034A943 /* Assets.xcassets */,
				E886E6BB2A4F60B60034A943 /* ContentView.swift */,
			);
			path = EnhancedMediaPlayerSample;
			sourceTree = "<group>";
		};
		E886E6C12A4F62120034A943 /* Preview Content */ = {
			isa = PBXGroup;
			children = (
				E886E6C22A4F62120034A943 /* Preview Assets.xcassets */,
			);
			path = "Preview Content";
			sourceTree = "<group>";
		};
/* End PBXGroup section */

/* Begin PBXHeadersBuildPhase section */
		AB4B38EC2A2EFD53001390EA /* Headers */ = {
			isa = PBXHeadersBuildPhase;
			buildActionMask = 2147483647;
			files = (
			);
			runOnlyForDeploymentPostprocessing = 0;
		};
/* End PBXHeadersBuildPhase section */

/* Begin PBXNativeTarget section */
		AB4B38F02A2EFD53001390EA /* EnhancedMediaPlayer */ = {
			isa = PBXNativeTarget;
			buildConfigurationList = AB4B39052A2EFD54001390EA /* Build configuration list for PBXNativeTarget "EnhancedMediaPlayer" */;
			buildPhases = (
				AB4B38EC2A2EFD53001390EA /* Headers */,
				AB4B38ED2A2EFD53001390EA /* Sources */,
				AB4B38EE2A2EFD53001390EA /* Frameworks */,
			);
			buildRules = (
			);
			dependencies = (
			);
			name = EnhancedMediaPlayer;
			productName = EnhancedMediaPlayer;
			productReference = AB4B38F12A2EFD53001390EA /* EnhancedMediaPlayer.framework */;
			productType = "com.apple.product-type.framework";
		};
		AB4B38FA2A2EFD54001390EA /* EnhancedMediaPlayerTests */ = {
			isa = PBXNativeTarget;
			buildConfigurationList = AB4B39082A2EFD54001390EA /* Build configuration list for PBXNativeTarget "EnhancedMediaPlayerTests" */;
			buildPhases = (
				AB4B38F72A2EFD54001390EA /* Sources */,
				AB4B38F82A2EFD54001390EA /* Frameworks */,
				AB4B38F92A2EFD54001390EA /* Resources */,
			);
			buildRules = (
			);
			dependencies = (
				AB4B38FE2A2EFD54001390EA /* PBXTargetDependency */,
			);
			name = EnhancedMediaPlayerTests;
			productName = EnhancedMediaPlayerTests;
			productReference = AB4B38FB2A2EFD54001390EA /* EnhancedMediaPlayerTests.xctest */;
			productType = "com.apple.product-type.bundle.unit-test";
		};
		AB4B390E2A2EFD76001390EA /* EnhancedMediaPlayerSample */ = {
			isa = PBXNativeTarget;
			buildConfigurationList = AB4B391A2A2EFD76001390EA /* Build configuration list for PBXNativeTarget "EnhancedMediaPlayerSample" */;
			buildPhases = (
				AB4B390B2A2EFD76001390EA /* Sources */,
				AB4B390C2A2EFD76001390EA /* Frameworks */,
				AB4B390D2A2EFD76001390EA /* Resources */,
				AB4B39222A2F02DB001390EA /* Embed Frameworks */,
			);
			buildRules = (
			);
			dependencies = (
				AB4B39212A2F02DB001390EA /* PBXTargetDependency */,
			);
			name = EnhancedMediaPlayerSample;
			productName = EnhancedMediaPlayerSample;
			productReference = AB4B390F2A2EFD76001390EA /* EnhancedMediaPlayerSample.app */;
			productType = "com.apple.product-type.application";
		};
/* End PBXNativeTarget section */

/* Begin PBXProject section */
		AB4B38E82A2EFD53001390EA /* Project object */ = {
			isa = PBXProject;
			attributes = {
				BuildIndependentTargetsInParallel = 1;
				LastSwiftUpdateCheck = 1430;
				LastUpgradeCheck = 1430;
				TargetAttributes = {
					AB4B38F02A2EFD53001390EA = {
						CreatedOnToolsVersion = 14.3;
					};
					AB4B38FA2A2EFD54001390EA = {
						CreatedOnToolsVersion = 14.3;
					};
					AB4B390E2A2EFD76001390EA = {
						CreatedOnToolsVersion = 14.3;
					};
				};
			};
			buildConfigurationList = AB4B38EB2A2EFD53001390EA /* Build configuration list for PBXProject "EnhancedMediaPlayer" */;
			compatibilityVersion = "Xcode 14.0";
			developmentRegion = en;
			hasScannedForEncodings = 0;
			knownRegions = (
				en,
				Base,
			);
			mainGroup = AB4B38E72A2EFD53001390EA;
			productRefGroup = AB4B38F22A2EFD53001390EA /* Products */;
			projectDirPath = "";
			projectRoot = "";
			targets = (
				AB4B38F02A2EFD53001390EA /* EnhancedMediaPlayer */,
				AB4B38FA2A2EFD54001390EA /* EnhancedMediaPlayerTests */,
				AB4B390E2A2EFD76001390EA /* EnhancedMediaPlayerSample */,
			);
		};
/* End PBXProject section */

/* Begin PBXResourcesBuildPhase section */
		AB4B38F92A2EFD54001390EA /* Resources */ = {
			isa = PBXResourcesBuildPhase;
			buildActionMask = 2147483647;
			files = (
			);
			runOnlyForDeploymentPostprocessing = 0;
		};
		AB4B390D2A2EFD76001390EA /* Resources */ = {
			isa = PBXResourcesBuildPhase;
			buildActionMask = 2147483647;
			files = (
				E886E6C42A4F62130034A943 /* Preview Assets.xcassets in Resources */,
				E886E6C02A4F62050034A943 /* Assets.xcassets in Resources */,
			);
			runOnlyForDeploymentPostprocessing = 0;
		};
/* End PBXResourcesBuildPhase section */

/* Begin PBXSourcesBuildPhase section */
		AB4B38ED2A2EFD53001390EA /* Sources */ = {
			isa = PBXSourcesBuildPhase;
			buildActionMask = 2147483647;
			files = (
				E80D8F372A4E0BAB00F39D54 /* View+readFrame.swift in Sources */,
				E80D8F3C2A4E0BAB00F39D54 /* MediaPlayer.swift in Sources */,
				E80D8F382A4E0BAB00F39D54 /* View+wrapInButton.swift in Sources */,
				E8FF428A2A4F5D66003AD6B0 /* SettingsMenu.swift in Sources */,
				E80D8F362A4E0BAB00F39D54 /* MediaPlayerView.swift in Sources */,
				E8FF428B2A4F5D66003AD6B0 /* SettingsPreference.swift in Sources */,
				E80D8F352A4E0BAB00F39D54 /* EnhancedMediaPlayer.docc in Sources */,
				E80D8F3A2A4E0BAB00F39D54 /* MediaPlayerViewController.swift in Sources */,
				E8FF428C2A4F5D66003AD6B0 /* MediaPlayerControlsView.swift in Sources */,
				E80D8F392A4E0BAB00F39D54 /* AVPlayerView.swift in Sources */,
				E8FF428D2A4F5D67003AD6B0 /* MediaPlayerTappableView.swift in Sources */,
			);
			runOnlyForDeploymentPostprocessing = 0;
		};
		AB4B38F72A2EFD54001390EA /* Sources */ = {
			isa = PBXSourcesBuildPhase;
			buildActionMask = 2147483647;
			files = (
				E886E6C62A4F62440034A943 /* EnhancedMediaPlayerTests.swift in Sources */,
			);
			runOnlyForDeploymentPostprocessing = 0;
		};
		AB4B390B2A2EFD76001390EA /* Sources */ = {
			isa = PBXSourcesBuildPhase;
			buildActionMask = 2147483647;
			files = (
				E886E6BC2A4F60B60034A943 /* ContentView.swift in Sources */,
				E886E6C52A4F62130034A943 /* EnhancedMediaPlayerSampleApp.swift in Sources */,
			);
			runOnlyForDeploymentPostprocessing = 0;
		};
/* End PBXSourcesBuildPhase section */

/* Begin PBXTargetDependency section */
		AB4B38FE2A2EFD54001390EA /* PBXTargetDependency */ = {
			isa = PBXTargetDependency;
			target = AB4B38F02A2EFD53001390EA /* EnhancedMediaPlayer */;
			targetProxy = AB4B38FD2A2EFD54001390EA /* PBXContainerItemProxy */;
		};
		AB4B39212A2F02DB001390EA /* PBXTargetDependency */ = {
			isa = PBXTargetDependency;
			target = AB4B38F02A2EFD53001390EA /* EnhancedMediaPlayer */;
			targetProxy = AB4B39202A2F02DB001390EA /* PBXContainerItemProxy */;
		};
/* End PBXTargetDependency section */

/* Begin XCBuildConfiguration section */
		AB4B39032A2EFD54001390EA /* Debug */ = {
			isa = XCBuildConfiguration;
			buildSettings = {
				ALWAYS_SEARCH_USER_PATHS = NO;
				CLANG_ANALYZER_NONNULL = YES;
				CLANG_ANALYZER_NUMBER_OBJECT_CONVERSION = YES_AGGRESSIVE;
				CLANG_CXX_LANGUAGE_STANDARD = "gnu++20";
				CLANG_ENABLE_MODULES = YES;
				CLANG_ENABLE_OBJC_ARC = YES;
				CLANG_ENABLE_OBJC_WEAK = YES;
				CLANG_WARN_BLOCK_CAPTURE_AUTORELEASING = YES;
				CLANG_WARN_BOOL_CONVERSION = YES;
				CLANG_WARN_COMMA = YES;
				CLANG_WARN_CONSTANT_CONVERSION = YES;
				CLANG_WARN_DEPRECATED_OBJC_IMPLEMENTATIONS = YES;
				CLANG_WARN_DIRECT_OBJC_ISA_USAGE = YES_ERROR;
				CLANG_WARN_DOCUMENTATION_COMMENTS = YES;
				CLANG_WARN_EMPTY_BODY = YES;
				CLANG_WARN_ENUM_CONVERSION = YES;
				CLANG_WARN_INFINITE_RECURSION = YES;
				CLANG_WARN_INT_CONVERSION = YES;
				CLANG_WARN_NON_LITERAL_NULL_CONVERSION = YES;
				CLANG_WARN_OBJC_IMPLICIT_RETAIN_SELF = YES;
				CLANG_WARN_OBJC_LITERAL_CONVERSION = YES;
				CLANG_WARN_OBJC_ROOT_CLASS = YES_ERROR;
				CLANG_WARN_QUOTED_INCLUDE_IN_FRAMEWORK_HEADER = YES;
				CLANG_WARN_RANGE_LOOP_ANALYSIS = YES;
				CLANG_WARN_STRICT_PROTOTYPES = YES;
				CLANG_WARN_SUSPICIOUS_MOVE = YES;
				CLANG_WARN_UNGUARDED_AVAILABILITY = YES_AGGRESSIVE;
				CLANG_WARN_UNREACHABLE_CODE = YES;
				CLANG_WARN__DUPLICATE_METHOD_MATCH = YES;
				COPY_PHASE_STRIP = NO;
				CURRENT_PROJECT_VERSION = 1;
				DEBUG_INFORMATION_FORMAT = dwarf;
				ENABLE_STRICT_OBJC_MSGSEND = YES;
				ENABLE_TESTABILITY = YES;
				GCC_C_LANGUAGE_STANDARD = gnu11;
				GCC_DYNAMIC_NO_PIC = NO;
				GCC_NO_COMMON_BLOCKS = YES;
				GCC_OPTIMIZATION_LEVEL = 0;
				GCC_PREPROCESSOR_DEFINITIONS = (
					"DEBUG=1",
					"$(inherited)",
				);
				GCC_WARN_64_TO_32_BIT_CONVERSION = YES;
				GCC_WARN_ABOUT_RETURN_TYPE = YES_ERROR;
				GCC_WARN_UNDECLARED_SELECTOR = YES;
				GCC_WARN_UNINITIALIZED_AUTOS = YES_AGGRESSIVE;
				GCC_WARN_UNUSED_FUNCTION = YES;
				GCC_WARN_UNUSED_VARIABLE = YES;
				MTL_ENABLE_DEBUG_INFO = INCLUDE_SOURCE;
				MTL_FAST_MATH = YES;
				ONLY_ACTIVE_ARCH = YES;
				SDKROOT = iphoneos;
				SWIFT_ACTIVE_COMPILATION_CONDITIONS = DEBUG;
				SWIFT_OPTIMIZATION_LEVEL = "-Onone";
				VERSIONING_SYSTEM = "apple-generic";
				VERSION_INFO_PREFIX = "";
			};
			name = Debug;
		};
		AB4B39042A2EFD54001390EA /* Release */ = {
			isa = XCBuildConfiguration;
			buildSettings = {
				ALWAYS_SEARCH_USER_PATHS = NO;
				CLANG_ANALYZER_NONNULL = YES;
				CLANG_ANALYZER_NUMBER_OBJECT_CONVERSION = YES_AGGRESSIVE;
				CLANG_CXX_LANGUAGE_STANDARD = "gnu++20";
				CLANG_ENABLE_MODULES = YES;
				CLANG_ENABLE_OBJC_ARC = YES;
				CLANG_ENABLE_OBJC_WEAK = YES;
				CLANG_WARN_BLOCK_CAPTURE_AUTORELEASING = YES;
				CLANG_WARN_BOOL_CONVERSION = YES;
				CLANG_WARN_COMMA = YES;
				CLANG_WARN_CONSTANT_CONVERSION = YES;
				CLANG_WARN_DEPRECATED_OBJC_IMPLEMENTATIONS = YES;
				CLANG_WARN_DIRECT_OBJC_ISA_USAGE = YES_ERROR;
				CLANG_WARN_DOCUMENTATION_COMMENTS = YES;
				CLANG_WARN_EMPTY_BODY = YES;
				CLANG_WARN_ENUM_CONVERSION = YES;
				CLANG_WARN_INFINITE_RECURSION = YES;
				CLANG_WARN_INT_CONVERSION = YES;
				CLANG_WARN_NON_LITERAL_NULL_CONVERSION = YES;
				CLANG_WARN_OBJC_IMPLICIT_RETAIN_SELF = YES;
				CLANG_WARN_OBJC_LITERAL_CONVERSION = YES;
				CLANG_WARN_OBJC_ROOT_CLASS = YES_ERROR;
				CLANG_WARN_QUOTED_INCLUDE_IN_FRAMEWORK_HEADER = YES;
				CLANG_WARN_RANGE_LOOP_ANALYSIS = YES;
				CLANG_WARN_STRICT_PROTOTYPES = YES;
				CLANG_WARN_SUSPICIOUS_MOVE = YES;
				CLANG_WARN_UNGUARDED_AVAILABILITY = YES_AGGRESSIVE;
				CLANG_WARN_UNREACHABLE_CODE = YES;
				CLANG_WARN__DUPLICATE_METHOD_MATCH = YES;
				COPY_PHASE_STRIP = NO;
				CURRENT_PROJECT_VERSION = 1;
				DEBUG_INFORMATION_FORMAT = "dwarf-with-dsym";
				ENABLE_NS_ASSERTIONS = NO;
				ENABLE_STRICT_OBJC_MSGSEND = YES;
				GCC_C_LANGUAGE_STANDARD = gnu11;
				GCC_NO_COMMON_BLOCKS = YES;
				GCC_WARN_64_TO_32_BIT_CONVERSION = YES;
				GCC_WARN_ABOUT_RETURN_TYPE = YES_ERROR;
				GCC_WARN_UNDECLARED_SELECTOR = YES;
				GCC_WARN_UNINITIALIZED_AUTOS = YES_AGGRESSIVE;
				GCC_WARN_UNUSED_FUNCTION = YES;
				GCC_WARN_UNUSED_VARIABLE = YES;
				MTL_ENABLE_DEBUG_INFO = NO;
				MTL_FAST_MATH = YES;
				SDKROOT = iphoneos;
				SWIFT_COMPILATION_MODE = wholemodule;
				SWIFT_OPTIMIZATION_LEVEL = "-O";
				VALIDATE_PRODUCT = YES;
				VERSIONING_SYSTEM = "apple-generic";
				VERSION_INFO_PREFIX = "";
			};
			name = Release;
		};
		AB4B39062A2EFD54001390EA /* Debug */ = {
			isa = XCBuildConfiguration;
			buildSettings = {
				CODE_SIGN_STYLE = Automatic;
				CURRENT_PROJECT_VERSION = 1;
				DEFINES_MODULE = YES;
				DYLIB_COMPATIBILITY_VERSION = 1;
				DYLIB_CURRENT_VERSION = 1;
				DYLIB_INSTALL_NAME_BASE = "@rpath";
				ENABLE_MODULE_VERIFIER = YES;
				GENERATE_INFOPLIST_FILE = YES;
				INFOPLIST_FILE = Sources/EnhancedMediaPlayer/Info.plist;
				INFOPLIST_KEY_NSHumanReadableCopyright = "";
				INSTALL_PATH = "$(LOCAL_LIBRARY_DIR)/Frameworks";
				IPHONEOS_DEPLOYMENT_TARGET = 15.0;
				LD_RUNPATH_SEARCH_PATHS = (
					"$(inherited)",
					"@executable_path/Frameworks",
					"@loader_path/Frameworks",
				);
				MARKETING_VERSION = 1.0;
				MODULE_VERIFIER_SUPPORTED_LANGUAGES = "objective-c objective-c++";
				MODULE_VERIFIER_SUPPORTED_LANGUAGE_STANDARDS = "gnu11 gnu++20";
				PRODUCT_BUNDLE_IDENTIFIER = mobi.profusion.EnhancedMediaPlayer;
				PRODUCT_NAME = "$(TARGET_NAME:c99extidentifier)";
				SKIP_INSTALL = YES;
				SWIFT_EMIT_LOC_STRINGS = YES;
				SWIFT_VERSION = 5.0;
				TARGETED_DEVICE_FAMILY = "1,2";
			};
			name = Debug;
		};
		AB4B39072A2EFD54001390EA /* Release */ = {
			isa = XCBuildConfiguration;
			buildSettings = {
				CODE_SIGN_STYLE = Automatic;
				CURRENT_PROJECT_VERSION = 1;
				DEFINES_MODULE = YES;
				DYLIB_COMPATIBILITY_VERSION = 1;
				DYLIB_CURRENT_VERSION = 1;
				DYLIB_INSTALL_NAME_BASE = "@rpath";
				ENABLE_MODULE_VERIFIER = YES;
				GENERATE_INFOPLIST_FILE = YES;
				INFOPLIST_FILE = Sources/EnhancedMediaPlayer/Info.plist;
				INFOPLIST_KEY_NSHumanReadableCopyright = "";
				INSTALL_PATH = "$(LOCAL_LIBRARY_DIR)/Frameworks";
				IPHONEOS_DEPLOYMENT_TARGET = 15.0;
				LD_RUNPATH_SEARCH_PATHS = (
					"$(inherited)",
					"@executable_path/Frameworks",
					"@loader_path/Frameworks",
				);
				MARKETING_VERSION = 1.0;
				MODULE_VERIFIER_SUPPORTED_LANGUAGES = "objective-c objective-c++";
				MODULE_VERIFIER_SUPPORTED_LANGUAGE_STANDARDS = "gnu11 gnu++20";
				PRODUCT_BUNDLE_IDENTIFIER = mobi.profusion.EnhancedMediaPlayer;
				PRODUCT_NAME = "$(TARGET_NAME:c99extidentifier)";
				SKIP_INSTALL = YES;
				SWIFT_EMIT_LOC_STRINGS = YES;
				SWIFT_VERSION = 5.0;
				TARGETED_DEVICE_FAMILY = "1,2";
			};
			name = Release;
		};
		AB4B39092A2EFD54001390EA /* Debug */ = {
			isa = XCBuildConfiguration;
			buildSettings = {
				ALWAYS_EMBED_SWIFT_STANDARD_LIBRARIES = YES;
				CODE_SIGN_STYLE = Automatic;
				CURRENT_PROJECT_VERSION = 1;
				GENERATE_INFOPLIST_FILE = YES;
				IPHONEOS_DEPLOYMENT_TARGET = 15;
				MARKETING_VERSION = 1.0;
				PRODUCT_BUNDLE_IDENTIFIER = mobi.profusion.EnhancedMediaPlayerTests;
				PRODUCT_NAME = "$(TARGET_NAME)";
				SWIFT_EMIT_LOC_STRINGS = NO;
				SWIFT_VERSION = 5.0;
				TARGETED_DEVICE_FAMILY = "1,2";
			};
			name = Debug;
		};
		AB4B390A2A2EFD54001390EA /* Release */ = {
			isa = XCBuildConfiguration;
			buildSettings = {
				ALWAYS_EMBED_SWIFT_STANDARD_LIBRARIES = YES;
				CODE_SIGN_STYLE = Automatic;
				CURRENT_PROJECT_VERSION = 1;
				GENERATE_INFOPLIST_FILE = YES;
				IPHONEOS_DEPLOYMENT_TARGET = 15;
				MARKETING_VERSION = 1.0;
				PRODUCT_BUNDLE_IDENTIFIER = mobi.profusion.EnhancedMediaPlayerTests;
				PRODUCT_NAME = "$(TARGET_NAME)";
				SWIFT_EMIT_LOC_STRINGS = NO;
				SWIFT_VERSION = 5.0;
				TARGETED_DEVICE_FAMILY = "1,2";
			};
			name = Release;
		};
		AB4B391B2A2EFD76001390EA /* Debug */ = {
			isa = XCBuildConfiguration;
			buildSettings = {
				ALWAYS_EMBED_SWIFT_STANDARD_LIBRARIES = YES;
				ASSETCATALOG_COMPILER_APPICON_NAME = AppIcon;
				ASSETCATALOG_COMPILER_GLOBAL_ACCENT_COLOR_NAME = AccentColor;
				CODE_SIGN_STYLE = Automatic;
				CURRENT_PROJECT_VERSION = 1;
				DEVELOPMENT_ASSET_PATHS = "\"EnhancedMediaPlayerSample/Preview Content\"";
				ENABLE_PREVIEWS = YES;
				GENERATE_INFOPLIST_FILE = YES;
				INFOPLIST_KEY_UIApplicationSceneManifest_Generation = YES;
				INFOPLIST_KEY_UIApplicationSupportsIndirectInputEvents = YES;
				INFOPLIST_KEY_UILaunchScreen_Generation = YES;
				INFOPLIST_KEY_UISupportedInterfaceOrientations_iPad = "UIInterfaceOrientationPortrait UIInterfaceOrientationPortraitUpsideDown UIInterfaceOrientationLandscapeLeft UIInterfaceOrientationLandscapeRight";
				INFOPLIST_KEY_UISupportedInterfaceOrientations_iPhone = "UIInterfaceOrientationPortrait UIInterfaceOrientationLandscapeLeft UIInterfaceOrientationLandscapeRight";
				IPHONEOS_DEPLOYMENT_TARGET = 15;
				LD_RUNPATH_SEARCH_PATHS = (
					"$(inherited)",
					"@executable_path/Frameworks",
				);
				MARKETING_VERSION = 1.0;
				PRODUCT_BUNDLE_IDENTIFIER = mobi.profusion.EnhancedMediaPlayerSample;
				PRODUCT_NAME = "$(TARGET_NAME)";
				SWIFT_EMIT_LOC_STRINGS = YES;
				SWIFT_VERSION = 5.0;
				TARGETED_DEVICE_FAMILY = "1,2";
			};
			name = Debug;
		};
		AB4B391C2A2EFD76001390EA /* Release */ = {
			isa = XCBuildConfiguration;
			buildSettings = {
				ALWAYS_EMBED_SWIFT_STANDARD_LIBRARIES = YES;
				ASSETCATALOG_COMPILER_APPICON_NAME = AppIcon;
				ASSETCATALOG_COMPILER_GLOBAL_ACCENT_COLOR_NAME = AccentColor;
				CODE_SIGN_STYLE = Automatic;
				CURRENT_PROJECT_VERSION = 1;
				DEVELOPMENT_ASSET_PATHS = "\"EnhancedMediaPlayerSample/Preview Content\"";
				ENABLE_PREVIEWS = YES;
				GENERATE_INFOPLIST_FILE = YES;
				INFOPLIST_KEY_UIApplicationSceneManifest_Generation = YES;
				INFOPLIST_KEY_UIApplicationSupportsIndirectInputEvents = YES;
				INFOPLIST_KEY_UILaunchScreen_Generation = YES;
				INFOPLIST_KEY_UISupportedInterfaceOrientations_iPad = "UIInterfaceOrientationPortrait UIInterfaceOrientationPortraitUpsideDown UIInterfaceOrientationLandscapeLeft UIInterfaceOrientationLandscapeRight";
				INFOPLIST_KEY_UISupportedInterfaceOrientations_iPhone = "UIInterfaceOrientationPortrait UIInterfaceOrientationLandscapeLeft UIInterfaceOrientationLandscapeRight";
				IPHONEOS_DEPLOYMENT_TARGET = 15;
				LD_RUNPATH_SEARCH_PATHS = (
					"$(inherited)",
					"@executable_path/Frameworks",
				);
				MARKETING_VERSION = 1.0;
				PRODUCT_BUNDLE_IDENTIFIER = mobi.profusion.EnhancedMediaPlayerSample;
				PRODUCT_NAME = "$(TARGET_NAME)";
				SWIFT_EMIT_LOC_STRINGS = YES;
				SWIFT_VERSION = 5.0;
				TARGETED_DEVICE_FAMILY = "1,2";
			};
			name = Release;
		};
/* End XCBuildConfiguration section */

/* Begin XCConfigurationList section */
		AB4B38EB2A2EFD53001390EA /* Build configuration list for PBXProject "EnhancedMediaPlayer" */ = {
			isa = XCConfigurationList;
			buildConfigurations = (
				AB4B39032A2EFD54001390EA /* Debug */,
				AB4B39042A2EFD54001390EA /* Release */,
			);
			defaultConfigurationIsVisible = 0;
			defaultConfigurationName = Release;
		};
		AB4B39052A2EFD54001390EA /* Build configuration list for PBXNativeTarget "EnhancedMediaPlayer" */ = {
			isa = XCConfigurationList;
			buildConfigurations = (
				AB4B39062A2EFD54001390EA /* Debug */,
				AB4B39072A2EFD54001390EA /* Release */,
			);
			defaultConfigurationIsVisible = 0;
			defaultConfigurationName = Release;
		};
		AB4B39082A2EFD54001390EA /* Build configuration list for PBXNativeTarget "EnhancedMediaPlayerTests" */ = {
			isa = XCConfigurationList;
			buildConfigurations = (
				AB4B39092A2EFD54001390EA /* Debug */,
				AB4B390A2A2EFD54001390EA /* Release */,
			);
			defaultConfigurationIsVisible = 0;
			defaultConfigurationName = Release;
		};
		AB4B391A2A2EFD76001390EA /* Build configuration list for PBXNativeTarget "EnhancedMediaPlayerSample" */ = {
			isa = XCConfigurationList;
			buildConfigurations = (
				AB4B391B2A2EFD76001390EA /* Debug */,
				AB4B391C2A2EFD76001390EA /* Release */,
			);
			defaultConfigurationIsVisible = 0;
			defaultConfigurationName = Release;
		};
/* End XCConfigurationList section */
	};
	rootObject = AB4B38E82A2EFD53001390EA /* Project object */;
}
